
Microsoft Visual Studio Solution File, Format Version 12.00
# Visual Studio 15
VisualStudioVersion = 15.0.28307.271
MinimumVisualStudioVersion = 10.0.40219.1
Project("{8BC9CEB8-8B4A-11D0-8D11-00A0C91BC942}") = "fukutasm", "fukutasm\fukutasm.vcxproj", "{0A569853-B3F6-4BE5-A7DA-F88EFCE68EC7}"
	ProjectSection(ProjectDependencies) = postProject
		{5B01D900-2359-44CA-9914-6B0C6AFB7BE7} = {5B01D900-2359-44CA-9914-6B0C6AFB7BE7}
	EndProjectSection
EndProject
Project("{8BC9CEB8-8B4A-11D0-8D11-00A0C91BC942}") = "capstone_static", "capstone\msvc\capstone_static\capstone_static.vcxproj", "{5B01D900-2359-44CA-9914-6B0C6AFB7BE7}"
EndProject
Project("{8BC9CEB8-8B4A-11D0-8D11-00A0C91BC942}") = "fukutasm_test", "fukutasm_test\fukutasm_test.vcxproj", "{38F4FE4E-C45E-416A-AEE9-A9FD63202538}"
	ProjectSection(ProjectDependencies) = postProject
		{0A569853-B3F6-4BE5-A7DA-F88EFCE68EC7} = {0A569853-B3F6-4BE5-A7DA-F88EFCE68EC7}
	EndProjectSection
EndProject
Global
	GlobalSection(SolutionConfigurationPlatforms) = preSolution
		Debug|x64 = Debug|x64
		Debug|x86 = Debug|x86
		Release|x64 = Release|x64
		Release|x86 = Release|x86
	EndGlobalSection
	GlobalSection(ProjectConfigurationPlatforms) = postSolution
		{0A569853-B3F6-4BE5-A7DA-F88EFCE68EC7}.Debug|x64.ActiveCfg = Debug|x64
		{0A569853-B3F6-4BE5-A7DA-F88EFCE68EC7}.Debug|x64.Build.0 = Debug|x64
		{0A569853-B3F6-4BE5-A7DA-F88EFCE68EC7}.Debug|x86.ActiveCfg = Debug|Win32
		{0A569853-B3F6-4BE5-A7DA-F88EFCE68EC7}.Debug|x86.Build.0 = Debug|Win32
		{0A569853-B3F6-4BE5-A7DA-F88EFCE68EC7}.Release|x64.ActiveCfg = Release|x64
		{0A569853-B3F6-4BE5-A7DA-F88EFCE68EC7}.Release|x64.Build.0 = Release|x64
		{0A569853-B3F6-4BE5-A7DA-F88EFCE68EC7}.Release|x86.ActiveCfg = Release|Win32
		{0A569853-B3F6-4BE5-A7DA-F88EFCE68EC7}.Release|x86.Build.0 = Release|Win32
		{5B01D900-2359-44CA-9914-6B0C6AFB7BE7}.Debug|x64.ActiveCfg = Debug|x64
		{5B01D900-2359-44CA-9914-6B0C6AFB7BE7}.Debug|x64.Build.0 = Debug|x64
		{5B01D900-2359-44CA-9914-6B0C6AFB7BE7}.Debug|x86.ActiveCfg = Debug|Win32
		{5B01D900-2359-44CA-9914-6B0C6AFB7BE7}.Debug|x86.Build.0 = Debug|Win32
		{5B01D900-2359-44CA-9914-6B0C6AFB7BE7}.Release|x64.ActiveCfg = Release|x64
		{5B01D900-2359-44CA-9914-6B0C6AFB7BE7}.Release|x64.Build.0 = Release|x64
		{5B01D900-2359-44CA-9914-6B0C6AFB7BE7}.Release|x86.ActiveCfg = Release|Win32
		{5B01D900-2359-44CA-9914-6B0C6AFB7BE7}.Release|x86.Build.0 = Release|Win32
		{38F4FE4E-C45E-416A-AEE9-A9FD63202538}.Debug|x64.ActiveCfg = Debug|x64
		{38F4FE4E-C45E-416A-AEE9-A9FD63202538}.Debug|x64.Build.0 = Debug|x64
		{38F4FE4E-C45E-416A-AEE9-A9FD63202538}.Debug|x86.ActiveCfg = Debug|Win32
		{38F4FE4E-C45E-416A-AEE9-A9FD63202538}.Debug|x86.Build.0 = Debug|Win32
		{38F4FE4E-C45E-416A-AEE9-A9FD63202538}.Release|x64.ActiveCfg = Release|x64
		{38F4FE4E-C45E-416A-AEE9-A9FD63202538}.Release|x64.Build.0 = Release|x64
		{38F4FE4E-C45E-416A-AEE9-A9FD63202538}.Release|x86.ActiveCfg = Release|Win32
		{38F4FE4E-C45E-416A-AEE9-A9FD63202538}.Release|x86.Build.0 = Release|Win32
	EndGlobalSection
	GlobalSection(SolutionProperties) = preSolution
		HideSolutionNode = FALSE
	EndGlobalSection
	GlobalSection(ExtensibilityGlobals) = postSolution
		SolutionGuid = {BC53329B-3C9B-4DC9-9D75-18380AC5FA6E}
	EndGlobalSection
EndGlobal
